# This file is automatically @generated by Cargo.
# It is not intended for manual editing.
[[package]]
name = "bitflags"
version = "1.2.1"
source = "registry+https://github.com/rust-lang/crates.io-index"
checksum = "cf1de2fe8c75bc145a2f577add951f8134889b4795d47466a54a5c846d691693"

[[package]]
name = "cfg-if"
version = "0.1.10"
source = "registry+https://github.com/rust-lang/crates.io-index"
checksum = "4785bdd1c96b2a846b2bd7cc02e86b6b3dbf14e7e53446c4f54c92a361040822"

[[package]]
name = "lazy_static"
version = "1.4.0"
source = "registry+https://github.com/rust-lang/crates.io-index"
checksum = "e2abad23fbc42b3700f2f279844dc832adb2b2eb069b2df918f455c4e18cc646"

[[package]]
name = "libc"
version = "0.2.82"
source = "registry+https://github.com/rust-lang/crates.io-index"
checksum = "89203f3fba0a3795506acaad8ebce3c80c0af93f994d5a1d7a0b1eeb23271929"

[[package]]
name = "once_cell"
version = "1.7.2"
source = "registry+https://github.com/rust-lang/crates.io-index"
checksum = "af8b08b04175473088b46763e51ee54da5f9a164bc162f615b91bc179dbf15a3"

[[package]]
name = "queue"
version = "0.3.1"
source = "registry+https://github.com/rust-lang/crates.io-index"
checksum = "6ff7e7fd62294a081720771513c1c1c995468a5d4e771a2928e423b88682ce48"

[[package]]
name = "rustboy"
version = "0.1.0"
dependencies = [
 "queue",
 "sdl2",
 "spin_sleep",
]

[[package]]
name = "sdl2"
version = "0.34.3"
source = "registry+https://github.com/rust-lang/crates.io-index"
checksum = "fcbb85f4211627a7291c83434d6bbfa723e28dcaa53c7606087e3c61929e4b9c"
dependencies = [
 "bitflags",
 "lazy_static",
 "libc",
 "sdl2-sys",
]

[[package]]
name = "sdl2-sys"
version = "0.34.3"
source = "registry+https://github.com/rust-lang/crates.io-index"
checksum = "28d81feded049b9c14eceb4a4f6d596a98cebbd59abdba949c5552a015466d33"
dependencies = [
 "cfg-if",
 "libc",
 "version-compare",
]

[[package]]
name = "spin_sleep"
version = "1.0.0"
source = "registry+https://github.com/rust-lang/crates.io-index"
checksum = "2a98101bdc3833e192713c2af0b0dd2614f50d1cf1f7a97c5221b7aac052acc7"
dependencies = [
 "once_cell",
 "winapi",
]

[[package]]
name = "version-compare"
version = "0.0.10"
source = "registry+https://github.com/rust-lang/crates.io-index"
checksum = "d63556a25bae6ea31b52e640d7c41d1ab27faba4ccb600013837a3d0b3994ca1"

[[package]]
name = "winapi"
version = "0.3.9"
source = "registry+https://github.com/rust-lang/crates.io-index"
checksum = "5c839a674fcd7a98952e593242ea400abe93992746761e38641405d28b00f419"
dependencies = [
 "winapi-i686-pc-windows-gnu",
 "winapi-x86_64-pc-windows-gnu",
]

[[package]]
name = "winapi-i686-pc-windows-gnu"
version = "0.4.0"
source = "registry+https://github.com/rust-lang/crates.io-index"
checksum = "ac3b87c63620426dd9b991e5ce0329eff545bccbbb34f3be09ff6fb6ab51b7b6"

[[package]]
name = "winapi-x86_64-pc-windows-gnu"
version = "0.4.0"
source = "registry+https://github.com/rust-lang/crates.io-index"
checksum = "712e227841d057c1ee1cd2fb22fa7e5a5461ae8e48fa2ca79ec42cfc1931183f"
